# THIS IS AN AUTOGENERATED FILE. DO NOT EDIT THIS FILE DIRECTLY.
# yarn lockfile v1


"@openzeppelin/contracts@4.9.6":
  "integrity" "sha512-xSmezSupL+y9VkHZJGDoCBpmnB2ogM13ccaYDWqJTfS3dbuHkgjuwDFUmaFauBCboQMGB/S5UqUl2y54X99BmA=="
  "resolved" "https://registry.npmjs.org/@openzeppelin/contracts/-/contracts-4.9.6.tgz"
  "version" "4.9.6"
